
Microsoft Visual Studio Solution File, Format Version 12.00
# Visual Studio Version 17
VisualStudioVersion = 17.8.34330.188
MinimumVisualStudioVersion = 10.0.40219.1
Project("{FAE04EC0-301F-11D3-BF4B-00C04F79EFBC}") = "Evolúció", "Evolúció\Evolúció.csproj", "{7AF44B72-7FA7-41F5-ADB3-66C329ECC03D}"
EndProject
Global
	GlobalSection(SolutionConfigurationPlatforms) = preSolution
		Debug|Any CPU = Debug|Any CPU
		Release|Any CPU = Release|Any CPU
	EndGlobalSection
	GlobalSection(ProjectConfigurationPlatforms) = postSolution
		{7AF44B72-7FA7-41F5-ADB3-66C329ECC03D}.Debug|Any CPU.ActiveCfg = Debug|Any CPU
		{7AF44B72-7FA7-41F5-ADB3-66C329ECC03D}.Debug|Any CPU.Build.0 = Debug|Any CPU
		{7AF44B72-7FA7-41F5-ADB3-66C329ECC03D}.Release|Any CPU.ActiveCfg = Release|Any CPU
		{7AF44B72-7FA7-41F5-ADB3-66C329ECC03D}.Release|Any CPU.Build.0 = Release|Any CPU
	EndGlobalSection
	GlobalSection(SolutionProperties) = preSolution
		HideSolutionNode = FALSE
	EndGlobalSection
	GlobalSection(ExtensibilityGlobals) = postSolution
		SolutionGuid = {EF0C9A07-067E-4C52-82D4-812E16B25976}
	EndGlobalSection
EndGlobal
