
Microsoft Visual Studio Solution File, Format Version 12.00
# Visual Studio Version 17
VisualStudioVersion = 17.8.34330.188
MinimumVisualStudioVersion = 10.0.40219.1
Project("{FAE04EC0-301F-11D3-BF4B-00C04F79EFBC}") = "Mikroszimuláció", "Mikroszimuláció\Mikroszimuláció.csproj", "{18BD7F97-79E6-41EF-8C55-4144C0DBC357}"
EndProject
Global
	GlobalSection(SolutionConfigurationPlatforms) = preSolution
		Debug|Any CPU = Debug|Any CPU
		Release|Any CPU = Release|Any CPU
	EndGlobalSection
	GlobalSection(ProjectConfigurationPlatforms) = postSolution
		{18BD7F97-79E6-41EF-8C55-4144C0DBC357}.Debug|Any CPU.ActiveCfg = Debug|Any CPU
		{18BD7F97-79E6-41EF-8C55-4144C0DBC357}.Debug|Any CPU.Build.0 = Debug|Any CPU
		{18BD7F97-79E6-41EF-8C55-4144C0DBC357}.Release|Any CPU.ActiveCfg = Release|Any CPU
		{18BD7F97-79E6-41EF-8C55-4144C0DBC357}.Release|Any CPU.Build.0 = Release|Any CPU
	EndGlobalSection
	GlobalSection(SolutionProperties) = preSolution
		HideSolutionNode = FALSE
	EndGlobalSection
	GlobalSection(ExtensibilityGlobals) = postSolution
		SolutionGuid = {FEC51330-5265-4D38-A825-E59F93A7C38E}
	EndGlobalSection
EndGlobal
